
Microsoft Visual Studio Solution File, Format Version 12.00
# Visual Studio 2013
VisualStudioVersion = 12.0.30110.0
MinimumVisualStudioVersion = 10.0.40219.1
Project("{FAE04EC0-301F-11D3-BF4B-00C04F79EFBC}") = "iWeibo.WP8", "iWeibo.WP8\iWeibo.WP8.csproj", "{3FF96B8C-21EE-4433-A186-EE4859E94461}"
EndProject
Project("{FAE04EC0-301F-11D3-BF4B-00C04F79EFBC}") = "TencentWeiboSDK", "SDKSrc\TencentWeiboSDK.csproj", "{32287EA3-030F-4CFC-826A-80460A9BE708}"
EndProject
Project("{FAE04EC0-301F-11D3-BF4B-00C04F79EFBC}") = "WeiboSdk", "WeiboSdk\WeiboSdk.csproj", "{C8BBA7E0-7D2A-491F-ABD9-2144335A3D9D}"
EndProject
Project("{FAE04EC0-301F-11D3-BF4B-00C04F79EFBC}") = "iWeibo.Services", "iWeibo.Service\iWeibo.Services.csproj", "{361AD518-9057-4012-B5AA-49492F6E5300}"
EndProject
Project("{FAE04EC0-301F-11D3-BF4B-00C04F79EFBC}") = "iWeibo.Adapters", "iWeibo.Adapters\iWeibo.Adapters.csproj", "{3A76F086-8CDA-42EA-810C-7EAC217DFDE6}"
EndProject
Global
	GlobalSection(SolutionConfigurationPlatforms) = preSolution
		Debug|Any CPU = Debug|Any CPU
		Debug|ARM = Debug|ARM
		Debug|x86 = Debug|x86
		Release|Any CPU = Release|Any CPU
		Release|ARM = Release|ARM
		Release|x86 = Release|x86
	EndGlobalSection
	GlobalSection(ProjectConfigurationPlatforms) = postSolution
		{3FF96B8C-21EE-4433-A186-EE4859E94461}.Debug|Any CPU.ActiveCfg = Debug|Any CPU
		{3FF96B8C-21EE-4433-A186-EE4859E94461}.Debug|Any CPU.Build.0 = Debug|Any CPU
		{3FF96B8C-21EE-4433-A186-EE4859E94461}.Debug|Any CPU.Deploy.0 = Debug|Any CPU
		{3FF96B8C-21EE-4433-A186-EE4859E94461}.Debug|ARM.ActiveCfg = Debug|ARM
		{3FF96B8C-21EE-4433-A186-EE4859E94461}.Debug|ARM.Build.0 = Debug|ARM
		{3FF96B8C-21EE-4433-A186-EE4859E94461}.Debug|ARM.Deploy.0 = Debug|ARM
		{3FF96B8C-21EE-4433-A186-EE4859E94461}.Debug|x86.ActiveCfg = Debug|x86
		{3FF96B8C-21EE-4433-A186-EE4859E94461}.Debug|x86.Build.0 = Debug|x86
		{3FF96B8C-21EE-4433-A186-EE4859E94461}.Debug|x86.Deploy.0 = Debug|x86
		{3FF96B8C-21EE-4433-A186-EE4859E94461}.Release|Any CPU.ActiveCfg = Release|Any CPU
		{3FF96B8C-21EE-4433-A186-EE4859E94461}.Release|Any CPU.Build.0 = Release|Any CPU
		{3FF96B8C-21EE-4433-A186-EE4859E94461}.Release|Any CPU.Deploy.0 = Release|Any CPU
		{3FF96B8C-21EE-4433-A186-EE4859E94461}.Release|ARM.ActiveCfg = Release|ARM
		{3FF96B8C-21EE-4433-A186-EE4859E94461}.Release|ARM.Build.0 = Release|ARM
		{3FF96B8C-21EE-4433-A186-EE4859E94461}.Release|ARM.Deploy.0 = Release|ARM
		{3FF96B8C-21EE-4433-A186-EE4859E94461}.Release|x86.ActiveCfg = Release|x86
		{3FF96B8C-21EE-4433-A186-EE4859E94461}.Release|x86.Build.0 = Release|x86
		{3FF96B8C-21EE-4433-A186-EE4859E94461}.Release|x86.Deploy.0 = Release|x86
		{32287EA3-030F-4CFC-826A-80460A9BE708}.Debug|Any CPU.ActiveCfg = Debug|Any CPU
		{32287EA3-030F-4CFC-826A-80460A9BE708}.Debug|Any CPU.Build.0 = Debug|Any CPU
		{32287EA3-030F-4CFC-826A-80460A9BE708}.Debug|ARM.ActiveCfg = Debug|ARM
		{32287EA3-030F-4CFC-826A-80460A9BE708}.Debug|ARM.Build.0 = Debug|ARM
		{32287EA3-030F-4CFC-826A-80460A9BE708}.Debug|x86.ActiveCfg = Debug|x86
		{32287EA3-030F-4CFC-826A-80460A9BE708}.Debug|x86.Build.0 = Debug|x86
		{32287EA3-030F-4CFC-826A-80460A9BE708}.Release|Any CPU.ActiveCfg = Release|Any CPU
		{32287EA3-030F-4CFC-826A-80460A9BE708}.Release|Any CPU.Build.0 = Release|Any CPU
		{32287EA3-030F-4CFC-826A-80460A9BE708}.Release|ARM.ActiveCfg = Release|ARM
		{32287EA3-030F-4CFC-826A-80460A9BE708}.Release|ARM.Build.0 = Release|ARM
		{32287EA3-030F-4CFC-826A-80460A9BE708}.Release|x86.ActiveCfg = Release|x86
		{32287EA3-030F-4CFC-826A-80460A9BE708}.Release|x86.Build.0 = Release|x86
		{C8BBA7E0-7D2A-491F-ABD9-2144335A3D9D}.Debug|Any CPU.ActiveCfg = Debug|Any CPU
		{C8BBA7E0-7D2A-491F-ABD9-2144335A3D9D}.Debug|Any CPU.Build.0 = Debug|Any CPU
		{C8BBA7E0-7D2A-491F-ABD9-2144335A3D9D}.Debug|ARM.ActiveCfg = Debug|ARM
		{C8BBA7E0-7D2A-491F-ABD9-2144335A3D9D}.Debug|ARM.Build.0 = Debug|ARM
		{C8BBA7E0-7D2A-491F-ABD9-2144335A3D9D}.Debug|x86.ActiveCfg = Debug|x86
		{C8BBA7E0-7D2A-491F-ABD9-2144335A3D9D}.Debug|x86.Build.0 = Debug|x86
		{C8BBA7E0-7D2A-491F-ABD9-2144335A3D9D}.Release|Any CPU.ActiveCfg = Release|Any CPU
		{C8BBA7E0-7D2A-491F-ABD9-2144335A3D9D}.Release|Any CPU.Build.0 = Release|Any CPU
		{C8BBA7E0-7D2A-491F-ABD9-2144335A3D9D}.Release|ARM.ActiveCfg = Release|ARM
		{C8BBA7E0-7D2A-491F-ABD9-2144335A3D9D}.Release|ARM.Build.0 = Release|ARM
		{C8BBA7E0-7D2A-491F-ABD9-2144335A3D9D}.Release|x86.ActiveCfg = Release|x86
		{C8BBA7E0-7D2A-491F-ABD9-2144335A3D9D}.Release|x86.Build.0 = Release|x86
		{361AD518-9057-4012-B5AA-49492F6E5300}.Debug|Any CPU.ActiveCfg = Debug|Any CPU
		{361AD518-9057-4012-B5AA-49492F6E5300}.Debug|Any CPU.Build.0 = Debug|Any CPU
		{361AD518-9057-4012-B5AA-49492F6E5300}.Debug|ARM.ActiveCfg = Debug|ARM
		{361AD518-9057-4012-B5AA-49492F6E5300}.Debug|ARM.Build.0 = Debug|ARM
		{361AD518-9057-4012-B5AA-49492F6E5300}.Debug|x86.ActiveCfg = Debug|x86
		{361AD518-9057-4012-B5AA-49492F6E5300}.Debug|x86.Build.0 = Debug|x86
		{361AD518-9057-4012-B5AA-49492F6E5300}.Release|Any CPU.ActiveCfg = Release|Any CPU
		{361AD518-9057-4012-B5AA-49492F6E5300}.Release|Any CPU.Build.0 = Release|Any CPU
		{361AD518-9057-4012-B5AA-49492F6E5300}.Release|ARM.ActiveCfg = Release|ARM
		{361AD518-9057-4012-B5AA-49492F6E5300}.Release|ARM.Build.0 = Release|ARM
		{361AD518-9057-4012-B5AA-49492F6E5300}.Release|x86.ActiveCfg = Release|x86
		{361AD518-9057-4012-B5AA-49492F6E5300}.Release|x86.Build.0 = Release|x86
		{3A76F086-8CDA-42EA-810C-7EAC217DFDE6}.Debug|Any CPU.ActiveCfg = Debug|Any CPU
		{3A76F086-8CDA-42EA-810C-7EAC217DFDE6}.Debug|Any CPU.Build.0 = Debug|Any CPU
		{3A76F086-8CDA-42EA-810C-7EAC217DFDE6}.Debug|ARM.ActiveCfg = Debug|ARM
		{3A76F086-8CDA-42EA-810C-7EAC217DFDE6}.Debug|ARM.Build.0 = Debug|ARM
		{3A76F086-8CDA-42EA-810C-7EAC217DFDE6}.Debug|x86.ActiveCfg = Debug|x86
		{3A76F086-8CDA-42EA-810C-7EAC217DFDE6}.Debug|x86.Build.0 = Debug|x86
		{3A76F086-8CDA-42EA-810C-7EAC217DFDE6}.Release|Any CPU.ActiveCfg = Release|Any CPU
		{3A76F086-8CDA-42EA-810C-7EAC217DFDE6}.Release|Any CPU.Build.0 = Release|Any CPU
		{3A76F086-8CDA-42EA-810C-7EAC217DFDE6}.Release|ARM.ActiveCfg = Release|ARM
		{3A76F086-8CDA-42EA-810C-7EAC217DFDE6}.Release|ARM.Build.0 = Release|ARM
		{3A76F086-8CDA-42EA-810C-7EAC217DFDE6}.Release|x86.ActiveCfg = Release|x86
		{3A76F086-8CDA-42EA-810C-7EAC217DFDE6}.Release|x86.Build.0 = Release|x86
	EndGlobalSection
	GlobalSection(SolutionProperties) = preSolution
		HideSolutionNode = FALSE
	EndGlobalSection
EndGlobal
